// !$*UTF8*$!
{
	archiveVersion = 1;
	classes = {
	};
	objectVersion = 46;
	objects = {

/* Begin PBXBuildFile section */
		1DC5E18616BAF163005426C0 /* UIKit.framework in Frameworks */ = {isa = PBXBuildFile; fileRef = 1DC5E18516BAF163005426C0 /* UIKit.framework */; };
		1DC5E18816BAF163005426C0 /* Foundation.framework in Frameworks */ = {isa = PBXBuildFile; fileRef = 1DC5E18716BAF163005426C0 /* Foundation.framework */; };
		1DC5E18A16BAF163005426C0 /* CoreGraphics.framework in Frameworks */ = {isa = PBXBuildFile; fileRef = 1DC5E18916BAF163005426C0 /* CoreGraphics.framework */; };
		1DC5E19016BAF163005426C0 /* InfoPlist.strings in Resources */ = {isa = PBXBuildFile; fileRef = 1DC5E18E16BAF163005426C0 /* InfoPlist.strings */; };
		1DC5E19216BAF163005426C0 /* main.m in Sources */ = {isa = PBXBuildFile; fileRef = 1DC5E19116BAF163005426C0 /* main.m */; };
		1DC5E19616BAF163005426C0 /* AppDelegate.m in Sources */ = {isa = PBXBuildFile; fileRef = 1DC5E19516BAF163005426C0 /* AppDelegate.m */; };
		1DC5E19816BAF163005426C0 /* Default.png in Resources */ = {isa = PBXBuildFile; fileRef = 1DC5E19716BAF163005426C0 /* Default.png */; };
		1DC5E19A16BAF163005426C0 /* Default@2x.png in Resources */ = {isa = PBXBuildFile; fileRef = 1DC5E19916BAF163005426C0 /* Default@2x.png */; };
		1DC5E19C16BAF163005426C0 /* Default-568h@2x.png in Resources */ = {isa = PBXBuildFile; fileRef = 1DC5E19B16BAF163005426C0 /* Default-568h@2x.png */; };
		1DC5E19F16BAF163005426C0 /* MainStoryboard_iPhone.storyboard in Resources */ = {isa = PBXBuildFile; fileRef = 1DC5E19D16BAF163005426C0 /* MainStoryboard_iPhone.storyboard */; };
		1DC5E1A216BAF163005426C0 /* MainStoryboard_iPad.storyboard in Resources */ = {isa = PBXBuildFile; fileRef = 1DC5E1A016BAF163005426C0 /* MainStoryboard_iPad.storyboard */; };
		1DC5E1A516BAF163005426C0 /* ViewController.m in Sources */ = {isa = PBXBuildFile; fileRef = 1DC5E1A416BAF163005426C0 /* ViewController.m */; };
/* End PBXBuildFile section */

/* Begin PBXFileReference section */
		1DC5E18216BAF163005426C0 /* FoTacts.app */ = {isa = PBXFileReference; explicitFileType = wrapper.application; includeInIndex = 0; path = FoTacts.app; sourceTree = BUILT_PRODUCTS_DIR; };
		1DC5E18516BAF163005426C0 /* UIKit.framework */ = {isa = PBXFileReference; lastKnownFileType = wrapper.framework; name = UIKit.framework; path = System/Library/Frameworks/UIKit.framework; sourceTree = SDKROOT; };
		1DC5E18716BAF163005426C0 /* Foundation.framework */ = {isa = PBXFileReference; lastKnownFileType = wrapper.framework; name = Foundation.framework; path = System/Library/Frameworks/Foundation.framework; sourceTree = SDKROOT; };
		1DC5E18916BAF163005426C0 /* CoreGraphics.framework */ = {isa = PBXFileReference; lastKnownFileType = wrapper.framework; name = CoreGraphics.framework; path = System/Library/Frameworks/CoreGraphics.framework; sourceTree = SDKROOT; };
		1DC5E18D16BAF163005426C0 /* FoTacts-Info.plist */ = {isa = PBXFileReference; lastKnownFileType = text.plist.xml; path = "FoTacts-Info.plist"; sourceTree = "<group>"; };
		1DC5E18F16BAF163005426C0 /* en */ = {isa = PBXFileReference; lastKnownFileType = text.plist.strings; name = en; path = en.lproj/InfoPlist.strings; sourceTree = "<group>"; };
		1DC5E19116BAF163005426C0 /* main.m */ = {isa = PBXFileReference; lastKnownFileType = sourcecode.c.objc; path = main.m; sourceTree = "<group>"; };
		1DC5E19316BAF163005426C0 /* FoTacts-Prefix.pch */ = {isa = PBXFileReference; lastKnownFileType = sourcecode.c.h; path = "FoTacts-Prefix.pch"; sourceTree = "<group>"; };
		1DC5E19416BAF163005426C0 /* AppDelegate.h */ = {isa = PBXFileReference; lastKnownFileType = sourcecode.c.h; path = AppDelegate.h; sourceTree = "<group>"; };
		1DC5E19516BAF163005426C0 /* AppDelegate.m */ = {isa = PBXFileReference; lastKnownFileType = sourcecode.c.objc; path = AppDelegate.m; sourceTree = "<group>"; };
		1DC5E19716BAF163005426C0 /* Default.png */ = {isa = PBXFileReference; lastKnownFileType = image.png; path = Default.png; sourceTree = "<group>"; };
		1DC5E19916BAF163005426C0 /* Default@2x.png */ = {isa = PBXFileReference; lastKnownFileType = image.png; path = "Default@2x.png"; sourceTree = "<group>"; };
		1DC5E19B16BAF163005426C0 /* Default-568h@2x.png */ = {isa = PBXFileReference; lastKnownFileType = image.png; path = "Default-568h@2x.png"; sourceTree = "<group>"; };
		1DC5E19E16BAF163005426C0 /* en */ = {isa = PBXFileReference; lastKnownFileType = file.storyboard; name = en; path = en.lproj/MainStoryboard_iPhone.storyboard; sourceTree = "<group>"; };
		1DC5E1A116BAF163005426C0 /* en */ = {isa = PBXFileReference; lastKnownFileType = file.storyboard; name = en; path = en.lproj/MainStoryboard_iPad.storyboard; sourceTree = "<group>"; };
		1DC5E1A316BAF163005426C0 /* ViewController.h */ = {isa = PBXFileReference; lastKnownFileType = sourcecode.c.h; path = ViewController.h; sourceTree = "<group>"; };
		1DC5E1A416BAF163005426C0 /* ViewController.m */ = {isa = PBXFileReference; lastKnownFileType = sourcecode.c.objc; path = ViewController.m; sourceTree = "<group>"; };
/* End PBXFileReference section */

/* Begin PBXFrameworksBuildPhase section */
		1DC5E17F16BAF163005426C0 /* Frameworks */ = {
			isa = PBXFrameworksBuildPhase;
			buildActionMask = 2147483647;
			files = (
				1DC5E18616BAF163005426C0 /* UIKit.framework in Frameworks */,
				1DC5E18816BAF163005426C0 /* Foundation.framework in Frameworks */,
				1DC5E18A16BAF163005426C0 /* CoreGraphics.framework in Frameworks */,
			);
			runOnlyForDeploymentPostprocessing = 0;
		};
/* End PBXFrameworksBuildPhase section */

/* Begin PBXGroup section */
		1DC5E17916BAF163005426C0 = {
			isa = PBXGroup;
			children = (
				1DC5E18B16BAF163005426C0 /* FoTacts */,
				1DC5E18416BAF163005426C0 /* Frameworks */,
				1DC5E18316BAF163005426C0 /* Products */,
			);
			sourceTree = "<group>";
		};
		1DC5E18316BAF163005426C0 /* Products */ = {
			isa = PBXGroup;
			children = (
				1DC5E18216BAF163005426C0 /* FoTacts.app */,
			);
			name = Products;
			sourceTree = "<group>";
		};
		1DC5E18416BAF163005426C0 /* Frameworks */ = {
			isa = PBXGroup;
			children = (
				1DC5E18516BAF163005426C0 /* UIKit.framework */,
				1DC5E18716BAF163005426C0 /* Foundation.framework */,
				1DC5E18916BAF163005426C0 /* CoreGraphics.framework */,
			);
			name = Frameworks;
			sourceTree = "<group>";
		};
		1DC5E18B16BAF163005426C0 /* FoTacts */ = {
			isa = PBXGroup;
			children = (
				1DC5E19416BAF163005426C0 /* AppDelegate.h */,
				1DC5E19516BAF163005426C0 /* AppDelegate.m */,
				1DC5E19D16BAF163005426C0 /* MainStoryboard_iPhone.storyboard */,
				1DC5E1A016BAF163005426C0 /* MainStoryboard_iPad.storyboard */,
				1DC5E1A316BAF163005426C0 /* ViewController.h */,
				1DC5E1A416BAF163005426C0 /* ViewController.m */,
				1DC5E18C16BAF163005426C0 /* Supporting Files */,
			);
			path = FoTacts;
			sourceTree = "<group>";
		};
		1DC5E18C16BAF163005426C0 /* Supporting Files */ = {
			isa = PBXGroup;
			children = (
				1DC5E18D16BAF163005426C0 /* FoTacts-Info.plist */,
				1DC5E18E16BAF163005426C0 /* InfoPlist.strings */,
				1DC5E19116BAF163005426C0 /* main.m */,
				1DC5E19316BAF163005426C0 /* FoTacts-Prefix.pch */,
				1DC5E19716BAF163005426C0 /* Default.png */,
				1DC5E19916BAF163005426C0 /* Default@2x.png */,
				1DC5E19B16BAF163005426C0 /* Default-568h@2x.png */,
			);
			name = "Supporting Files";
			sourceTree = "<group>";
		};
/* End PBXGroup section */

/* Begin PBXNativeTarget section */
		1DC5E18116BAF163005426C0 /* FoTacts */ = {
			isa = PBXNativeTarget;
			buildConfigurationList = 1DC5E1A816BAF163005426C0 /* Build configuration list for PBXNativeTarget "FoTacts" */;
			buildPhases = (
				1DC5E17E16BAF163005426C0 /* Sources */,
				1DC5E17F16BAF163005426C0 /* Frameworks */,
				1DC5E18016BAF163005426C0 /* Resources */,
			);
			buildRules = (
			);
			dependencies = (
			);
			name = FoTacts;
			productName = FoTacts;
			productReference = 1DC5E18216BAF163005426C0 /* FoTacts.app */;
			productType = "com.apple.product-type.application";
		};
/* End PBXNativeTarget section */

/* Begin PBXProject section */
		1DC5E17A16BAF163005426C0 /* Project object */ = {
			isa = PBXProject;
			attributes = {
				LastUpgradeCheck = 0460;
				ORGANIZATIONNAME = "Mike Holp";
			};
			buildConfigurationList = 1DC5E17D16BAF163005426C0 /* Build configuration list for PBXProject "FoTacts" */;
			compatibilityVersion = "Xcode 3.2";
			developmentRegion = English;
			hasScannedForEncodings = 0;
			knownRegions = (
				en,
			);
			mainGroup = 1DC5E17916BAF163005426C0;
			productRefGroup = 1DC5E18316BAF163005426C0 /* Products */;
			projectDirPath = "";
			projectRoot = "";
			targets = (
				1DC5E18116BAF163005426C0 /* FoTacts */,
			);
		};
/* End PBXProject section */

/* Begin PBXResourcesBuildPhase section */
		1DC5E18016BAF163005426C0 /* Resources */ = {
			isa = PBXResourcesBuildPhase;
			buildActionMask = 2147483647;
			files = (
				1DC5E19016BAF163005426C0 /* InfoPlist.strings in Resources */,
				1DC5E19816BAF163005426C0 /* Default.png in Resources */,
				1DC5E19A16BAF163005426C0 /* Default@2x.png in Resources */,
				1DC5E19C16BAF163005426C0 /* Default-568h@2x.png in Resources */,
				1DC5E19F16BAF163005426C0 /* MainStoryboard_iPhone.storyboard in Resources */,
				1DC5E1A216BAF163005426C0 /* MainStoryboard_iPad.storyboard in Resources */,
			);
			runOnlyForDeploymentPostprocessing = 0;
		};
/* End PBXResourcesBuildPhase section */

/* Begin PBXSourcesBuildPhase section */
		1DC5E17E16BAF163005426C0 /* Sources */ = {
			isa = PBXSourcesBuildPhase;
			buildActionMask = 2147483647;
			files = (
				1DC5E19216BAF163005426C0 /* main.m in Sources */,
				1DC5E19616BAF163005426C0 /* AppDelegate.m in Sources */,
				1DC5E1A516BAF163005426C0 /* ViewController.m in Sources */,
			);
			runOnlyForDeploymentPostprocessing = 0;
		};
/* End PBXSourcesBuildPhase section */

/* Begin PBXVariantGroup section */
		1DC5E18E16BAF163005426C0 /* InfoPlist.strings */ = {
			isa = PBXVariantGroup;
			children = (
				1DC5E18F16BAF163005426C0 /* en */,
			);
			name = InfoPlist.strings;
			sourceTree = "<group>";
		};
		1DC5E19D16BAF163005426C0 /* MainStoryboard_iPhone.storyboard */ = {
			isa = PBXVariantGroup;
			children = (
				1DC5E19E16BAF163005426C0 /* en */,
			);
			name = MainStoryboard_iPhone.storyboard;
			sourceTree = "<group>";
		};
		1DC5E1A016BAF163005426C0 /* MainStoryboard_iPad.storyboard */ = {
			isa = PBXVariantGroup;
			children = (
				1DC5E1A116BAF163005426C0 /* en */,
			);
			name = MainStoryboard_iPad.storyboard;
			sourceTree = "<group>";
		};
/* End PBXVariantGroup section */

/* Begin XCBuildConfiguration section */
		1DC5E1A616BAF163005426C0 /* Debug */ = {
			isa = XCBuildConfiguration;
			buildSettings = {
				ALWAYS_SEARCH_USER_PATHS = NO;
				CLANG_CXX_LANGUAGE_STANDARD = "gnu++0x";
				CLANG_CXX_LIBRARY = "libc++";
				CLANG_ENABLE_OBJC_ARC = YES;
				CLANG_WARN_CONSTANT_CONVERSION = YES;
				CLANG_WARN_EMPTY_BODY = YES;
				CLANG_WARN_ENUM_CONVERSION = YES;
				CLANG_WARN_INT_CONVERSION = YES;
				CLANG_WARN__DUPLICATE_METHOD_MATCH = YES;
				"CODE_SIGN_IDENTITY[sdk=iphoneos*]" = "iPhone Developer";
				COPY_PHASE_STRIP = NO;
				GCC_C_LANGUAGE_STANDARD = gnu99;
				GCC_DYNAMIC_NO_PIC = NO;
				GCC_OPTIMIZATION_LEVEL = 0;
				GCC_PREPROCESSOR_DEFINITIONS = (
					"DEBUG=1",
					"$(inherited)",
				);
				GCC_SYMBOLS_PRIVATE_EXTERN = NO;
				GCC_WARN_ABOUT_RETURN_TYPE = YES;
				GCC_WARN_UNINITIALIZED_AUTOS = YES;
				GCC_WARN_UNUSED_VARIABLE = YES;
				IPHONEOS_DEPLOYMENT_TARGET = 6.1;
				ONLY_ACTIVE_ARCH = YES;
				SDKROOT = iphoneos;
				TARGETED_DEVICE_FAMILY = "1,2";
			};
			name = Debug;
		};
		1DC5E1A716BAF163005426C0 /* Release */ = {
			isa = XCBuildConfiguration;
			buildSettings = {
				ALWAYS_SEARCH_USER_PATHS = NO;
				CLANG_CXX_LANGUAGE_STANDARD = "gnu++0x";
				CLANG_CXX_LIBRARY = "libc++";
				CLANG_ENABLE_OBJC_ARC = YES;
				CLANG_WARN_CONSTANT_CONVERSION = YES;
				CLANG_WARN_EMPTY_BODY = YES;
				CLANG_WARN_ENUM_CONVERSION = YES;
				CLANG_WARN_INT_CONVERSION = YES;
				CLANG_WARN__DUPLICATE_METHOD_MATCH = YES;
				"CODE_SIGN_IDENTITY[sdk=iphoneos*]" = "iPhone Developer";
				COPY_PHASE_STRIP = YES;
				GCC_C_LANGUAGE_STANDARD = gnu99;
				GCC_WARN_ABOUT_RETURN_TYPE = YES;
				GCC_WARN_UNINITIALIZED_AUTOS = YES;
				GCC_WARN_UNUSED_VARIABLE = YES;
				IPHONEOS_DEPLOYMENT_TARGET = 6.1;
				OTHER_CFLAGS = "-DNS_BLOCK_ASSERTIONS=1";
				SDKROOT = iphoneos;
				TARGETED_DEVICE_FAMILY = "1,2";
				VALIDATE_PRODUCT = YES;
			};
			name = Release;
		};
		1DC5E1A916BAF163005426C0 /* Debug */ = {
			isa = XCBuildConfiguration;
			buildSettings = {
				GCC_PRECOMPILE_PREFIX_HEADER = YES;
				GCC_PREFIX_HEADER = "FoTacts/FoTacts-Prefix.pch";
				INFOPLIST_FILE = "FoTacts/FoTacts-Info.plist";
				PRODUCT_NAME = "$(TARGET_NAME)";
				WRAPPER_EXTENSION = app;
			};
			name = Debug;
		};
		1DC5E1AA16BAF163005426C0 /* Release */ = {
			isa = XCBuildConfiguration;
			buildSettings = {
				GCC_PRECOMPILE_PREFIX_HEADER = YES;
				GCC_PREFIX_HEADER = "FoTacts/FoTacts-Prefix.pch";
				INFOPLIST_FILE = "FoTacts/FoTacts-Info.plist";
				PRODUCT_NAME = "$(TARGET_NAME)";
				WRAPPER_EXTENSION = app;
			};
			name = Release;
		};
/* End XCBuildConfiguration section */

/* Begin XCConfigurationList section */
		1DC5E17D16BAF163005426C0 /* Build configuration list for PBXProject "FoTacts" */ = {
			isa = XCConfigurationList;
			buildConfigurations = (
				1DC5E1A616BAF163005426C0 /* Debug */,
				1DC5E1A716BAF163005426C0 /* Release */,
			);
			defaultConfigurationIsVisible = 0;
			defaultConfigurationName = Release;
		};
		1DC5E1A816BAF163005426C0 /* Build configuration list for PBXNativeTarget "FoTacts" */ = {
			isa = XCConfigurationList;
			buildConfigurations = (
				1DC5E1A916BAF163005426C0 /* Debug */,
				1DC5E1AA16BAF163005426C0 /* Release */,
			);
			defaultConfigurationIsVisible = 0;
		};
/* End XCConfigurationList section */
	};
	rootObject = 1DC5E17A16BAF163005426C0 /* Project object */;
}
